{
  "name": "sqids-elm-draft",
  "lockfileVersion": 3,
  "requires": true,
  "packages": {
    "": {
      "devDependencies": {
        "elm-tooling": "^1.15.1"
      }
    },
    "node_modules/elm-tooling": {
      "version": "1.15.1",
      "resolved": "https://registry.npmjs.org/elm-tooling/-/elm-tooling-1.15.1.tgz",
      "integrity": "sha512-+rRYa7gzz6l2/Ip2i197MqkW5abOwPOP/+WlyyatLDeDhh+JR0HUMlZJYenCYodBeG/xW5xW3pRYQ2onf5bIAw==",
      "dev": true,
      "bin": {
        "elm-tooling": "index.js"
      }
    }
  }
}
